
Microsoft Visual Studio Solution File, Format Version 12.00
# Visual Studio Version 17
VisualStudioVersion = 17.4.33103.184
MinimumVisualStudioVersion = 10.0.40219.1
Project("{FAE04EC0-301F-11D3-BF4B-00C04F79EFBC}") = "linq_01", "linq_01\linq_01.csproj", "{775F28A4-D1FB-4981-86C9-F1E49DAF46DE}"
EndProject
Global
	GlobalSection(SolutionConfigurationPlatforms) = preSolution
		Debug|Any CPU = Debug|Any CPU
		Release|Any CPU = Release|Any CPU
	EndGlobalSection
	GlobalSection(ProjectConfigurationPlatforms) = postSolution
		{775F28A4-D1FB-4981-86C9-F1E49DAF46DE}.Debug|Any CPU.ActiveCfg = Debug|Any CPU
		{775F28A4-D1FB-4981-86C9-F1E49DAF46DE}.Debug|Any CPU.Build.0 = Debug|Any CPU
		{775F28A4-D1FB-4981-86C9-F1E49DAF46DE}.Release|Any CPU.ActiveCfg = Release|Any CPU
		{775F28A4-D1FB-4981-86C9-F1E49DAF46DE}.Release|Any CPU.Build.0 = Release|Any CPU
	EndGlobalSection
	GlobalSection(SolutionProperties) = preSolution
		HideSolutionNode = FALSE
	EndGlobalSection
	GlobalSection(ExtensibilityGlobals) = postSolution
		SolutionGuid = {8464F414-FABB-4921-8943-66AC70EE6522}
	EndGlobalSection
EndGlobal
